
Microsoft Visual Studio Solution File, Format Version 12.00
# Visual Studio Version 17
VisualStudioVersion = 17.12.35527.113 d17.12
MinimumVisualStudioVersion = 10.0.40219.1
Project("{FAE04EC0-301F-11D3-BF4B-00C04F79EFBC}") = "Wheel", "Wheel\Wheel.csproj", "{17FEB81A-E421-445C-B7CA-0366FF2D41CC}"
EndProject
Global
	GlobalSection(SolutionConfigurationPlatforms) = preSolution
		Debug|Any CPU = Debug|Any CPU
		Release|Any CPU = Release|Any CPU
	EndGlobalSection
	GlobalSection(ProjectConfigurationPlatforms) = postSolution
		{17FEB81A-E421-445C-B7CA-0366FF2D41CC}.Debug|Any CPU.ActiveCfg = Debug|Any CPU
		{17FEB81A-E421-445C-B7CA-0366FF2D41CC}.Debug|Any CPU.Build.0 = Debug|Any CPU
		{17FEB81A-E421-445C-B7CA-0366FF2D41CC}.Release|Any CPU.ActiveCfg = Release|Any CPU
		{17FEB81A-E421-445C-B7CA-0366FF2D41CC}.Release|Any CPU.Build.0 = Release|Any CPU
	EndGlobalSection
	GlobalSection(SolutionProperties) = preSolution
		HideSolutionNode = FALSE
	EndGlobalSection
EndGlobal
